
Microsoft Visual Studio Solution File, Format Version 12.00
# Visual Studio 15
Project("{FAE04EC0-301F-11D3-BF4B-00C04F79EFBC}") = "Fusion.Unity.Editor", "Fusion.Unity.Editor.csproj", "{A640040D-1070-388D-E9FC-15A9800030D5}"
EndProject
Project("{FAE04EC0-301F-11D3-BF4B-00C04F79EFBC}") = "Fusion.Unity", "Fusion.Unity.csproj", "{F2A2B970-7078-F2BD-66C6-7A7004B7AE4D}"
EndProject
Project("{FAE04EC0-301F-11D3-BF4B-00C04F79EFBC}") = "Assembly-CSharp-Editor", "Assembly-CSharp-Editor.csproj", "{F87DBBA0-3982-5807-72B0-6F431DE8476D}"
EndProject
Project("{FAE04EC0-301F-11D3-BF4B-00C04F79EFBC}") = "Assembly-CSharp", "Assembly-CSharp.csproj", "{0F5F1FC2-408C-D277-9C02-07B6436A5470}"
EndProject
Project("{FAE04EC0-301F-11D3-BF4B-00C04F79EFBC}") = "Unity.Fusion.CodeGen", "Unity.Fusion.CodeGen.csproj", "{99A9828C-D9A9-7263-2864-BA2D9AF10E45}"
EndProject
Global
	GlobalSection(SolutionConfigurationPlatforms) = preSolution
		Debug|Any CPU = Debug|Any CPU
		Release|Any CPU = Release|Any CPU
	EndGlobalSection
	GlobalSection(ProjectConfigurationPlatforms) = postSolution
		{A640040D-1070-388D-E9FC-15A9800030D5}.Debug|Any CPU.ActiveCfg = Debug|Any CPU
		{A640040D-1070-388D-E9FC-15A9800030D5}.Debug|Any CPU.Build.0 = Debug|Any CPU
		{A640040D-1070-388D-E9FC-15A9800030D5}.Release|Any CPU.ActiveCfg = Release|Any CPU
		{A640040D-1070-388D-E9FC-15A9800030D5}.Release|Any CPU.Build.0 = Release|Any CPU
		{F2A2B970-7078-F2BD-66C6-7A7004B7AE4D}.Debug|Any CPU.ActiveCfg = Debug|Any CPU
		{F2A2B970-7078-F2BD-66C6-7A7004B7AE4D}.Debug|Any CPU.Build.0 = Debug|Any CPU
		{F2A2B970-7078-F2BD-66C6-7A7004B7AE4D}.Release|Any CPU.ActiveCfg = Release|Any CPU
		{F2A2B970-7078-F2BD-66C6-7A7004B7AE4D}.Release|Any CPU.Build.0 = Release|Any CPU
		{F87DBBA0-3982-5807-72B0-6F431DE8476D}.Debug|Any CPU.ActiveCfg = Debug|Any CPU
		{F87DBBA0-3982-5807-72B0-6F431DE8476D}.Debug|Any CPU.Build.0 = Debug|Any CPU
		{F87DBBA0-3982-5807-72B0-6F431DE8476D}.Release|Any CPU.ActiveCfg = Release|Any CPU
		{F87DBBA0-3982-5807-72B0-6F431DE8476D}.Release|Any CPU.Build.0 = Release|Any CPU
		{0F5F1FC2-408C-D277-9C02-07B6436A5470}.Debug|Any CPU.ActiveCfg = Debug|Any CPU
		{0F5F1FC2-408C-D277-9C02-07B6436A5470}.Debug|Any CPU.Build.0 = Debug|Any CPU
		{0F5F1FC2-408C-D277-9C02-07B6436A5470}.Release|Any CPU.ActiveCfg = Release|Any CPU
		{0F5F1FC2-408C-D277-9C02-07B6436A5470}.Release|Any CPU.Build.0 = Release|Any CPU
		{99A9828C-D9A9-7263-2864-BA2D9AF10E45}.Debug|Any CPU.ActiveCfg = Debug|Any CPU
		{99A9828C-D9A9-7263-2864-BA2D9AF10E45}.Debug|Any CPU.Build.0 = Debug|Any CPU
		{99A9828C-D9A9-7263-2864-BA2D9AF10E45}.Release|Any CPU.ActiveCfg = Release|Any CPU
		{99A9828C-D9A9-7263-2864-BA2D9AF10E45}.Release|Any CPU.Build.0 = Release|Any CPU
	EndGlobalSection
	GlobalSection(SolutionProperties) = preSolution
		HideSolutionNode = FALSE
	EndGlobalSection
EndGlobal
